{
  "name": "luyang.wiki",
  "lockfileVersion": 2,
  "requires": true,
  "packages": {
    "": {
      "dependencies": {
        "hexo-theme-next": "^8.4.0"
      }
    },
    "node_modules/hexo-theme-next": {
      "version": "8.4.0",
      "resolved": "https://registry.npmjs.org/hexo-theme-next/-/hexo-theme-next-8.4.0.tgz",
      "integrity": "sha512-deqog5urkCC8uJ9g47bA3vFRJtgHlunKUyJlJWmPHtp4r8CaAa1plhspTV2EZHnZBowYcbBsDJ25xkjzhUZgUA=="
    }
  },
  "dependencies": {
    "hexo-theme-next": {
      "version": "8.4.0",
      "resolved": "https://registry.npmjs.org/hexo-theme-next/-/hexo-theme-next-8.4.0.tgz",
      "integrity": "sha512-deqog5urkCC8uJ9g47bA3vFRJtgHlunKUyJlJWmPHtp4r8CaAa1plhspTV2EZHnZBowYcbBsDJ25xkjzhUZgUA=="
    }
  }
}
